// !$*UTF8*$!
{
	archiveVersion = 1;
	classes = {
	};
	objectVersion = 46;
	objects = {

/* Begin PBXBuildFile section */
		21651B662215546F00EE8975 /* main.m in Sources */ = {isa = PBXBuildFile; fileRef = 21651B652215546F00EE8975 /* main.m */; };
		21651B692215546F00EE8975 /* AppDelegate.m in Sources */ = {isa = PBXBuildFile; fileRef = 21651B682215546F00EE8975 /* AppDelegate.m */; };
		21651B6C2215546F00EE8975 /* ViewController.m in Sources */ = {isa = PBXBuildFile; fileRef = 21651B6B2215546F00EE8975 /* ViewController.m */; };
		21651B6F2215546F00EE8975 /* Main.storyboard in Resources */ = {isa = PBXBuildFile; fileRef = 21651B6D2215546F00EE8975 /* Main.storyboard */; };
		21651B712215546F00EE8975 /* Assets.xcassets in Resources */ = {isa = PBXBuildFile; fileRef = 21651B702215546F00EE8975 /* Assets.xcassets */; };
		21651B742215546F00EE8975 /* LaunchScreen.storyboard in Resources */ = {isa = PBXBuildFile; fileRef = 21651B722215546F00EE8975 /* LaunchScreen.storyboard */; };
/* End PBXBuildFile section */

/* Begin PBXFileReference section */
		21651B612215546F00EE8975 /* webView.app */ = {isa = PBXFileReference; explicitFileType = wrapper.application; includeInIndex = 0; path = webView.app; sourceTree = BUILT_PRODUCTS_DIR; };
		21651B652215546F00EE8975 /* main.m */ = {isa = PBXFileReference; lastKnownFileType = sourcecode.c.objc; path = main.m; sourceTree = "<group>"; };
		21651B672215546F00EE8975 /* AppDelegate.h */ = {isa = PBXFileReference; lastKnownFileType = sourcecode.c.h; path = AppDelegate.h; sourceTree = "<group>"; };
		21651B682215546F00EE8975 /* AppDelegate.m */ = {isa = PBXFileReference; lastKnownFileType = sourcecode.c.objc; path = AppDelegate.m; sourceTree = "<group>"; };
		21651B6A2215546F00EE8975 /* ViewController.h */ = {isa = PBXFileReference; lastKnownFileType = sourcecode.c.h; path = ViewController.h; sourceTree = "<group>"; };
		21651B6B2215546F00EE8975 /* ViewController.m */ = {isa = PBXFileReference; lastKnownFileType = sourcecode.c.objc; path = ViewController.m; sourceTree = "<group>"; };
		21651B6E2215546F00EE8975 /* Base */ = {isa = PBXFileReference; lastKnownFileType = file.storyboard; name = Base; path = Base.lproj/Main.storyboard; sourceTree = "<group>"; };
		21651B702215546F00EE8975 /* Assets.xcassets */ = {isa = PBXFileReference; lastKnownFileType = folder.assetcatalog; path = Assets.xcassets; sourceTree = "<group>"; };
		21651B732215546F00EE8975 /* Base */ = {isa = PBXFileReference; lastKnownFileType = file.storyboard; name = Base; path = Base.lproj/LaunchScreen.storyboard; sourceTree = "<group>"; };
		21651B752215546F00EE8975 /* Info.plist */ = {isa = PBXFileReference; lastKnownFileType = text.plist.xml; path = Info.plist; sourceTree = "<group>"; };
/* End PBXFileReference section */

/* Begin PBXFrameworksBuildPhase section */
		21651B5E2215546F00EE8975 /* Frameworks */ = {
			isa = PBXFrameworksBuildPhase;
			buildActionMask = 2147483647;
			files = (
			);
			runOnlyForDeploymentPostprocessing = 0;
		};
/* End PBXFrameworksBuildPhase section */

/* Begin PBXGroup section */
		21651B582215546F00EE8975 = {
			isa = PBXGroup;
			children = (
				21651B632215546F00EE8975 /* webView */,
				21651B622215546F00EE8975 /* Products */,
			);
			sourceTree = "<group>";
		};
		21651B622215546F00EE8975 /* Products */ = {
			isa = PBXGroup;
			children = (
				21651B612215546F00EE8975 /* webView.app */,
			);
			name = Products;
			sourceTree = "<group>";
		};
		21651B632215546F00EE8975 /* webView */ = {
			isa = PBXGroup;
			children = (
				21651B672215546F00EE8975 /* AppDelegate.h */,
				21651B682215546F00EE8975 /* AppDelegate.m */,
				21651B6A2215546F00EE8975 /* ViewController.h */,
				21651B6B2215546F00EE8975 /* ViewController.m */,
				21651B6D2215546F00EE8975 /* Main.storyboard */,
				21651B702215546F00EE8975 /* Assets.xcassets */,
				21651B722215546F00EE8975 /* LaunchScreen.storyboard */,
				21651B752215546F00EE8975 /* Info.plist */,
				21651B642215546F00EE8975 /* Supporting Files */,
			);
			path = webView;
			sourceTree = "<group>";
		};
		21651B642215546F00EE8975 /* Supporting Files */ = {
			isa = PBXGroup;
			children = (
				21651B652215546F00EE8975 /* main.m */,
			);
			name = "Supporting Files";
			sourceTree = "<group>";
		};
/* End PBXGroup section */

/* Begin PBXNativeTarget section */
		21651B602215546F00EE8975 /* webView */ = {
			isa = PBXNativeTarget;
			buildConfigurationList = 21651B782215546F00EE8975 /* Build configuration list for PBXNativeTarget "webView" */;
			buildPhases = (
				21651B5D2215546F00EE8975 /* Sources */,
				21651B5E2215546F00EE8975 /* Frameworks */,
				21651B5F2215546F00EE8975 /* Resources */,
			);
			buildRules = (
			);
			dependencies = (
			);
			name = webView;
			productName = webView;
			productReference = 21651B612215546F00EE8975 /* webView.app */;
			productType = "com.apple.product-type.application";
		};
/* End PBXNativeTarget section */

/* Begin PBXProject section */
		21651B592215546F00EE8975 /* Project object */ = {
			isa = PBXProject;
			attributes = {
				LastUpgradeCheck = 0820;
				ORGANIZATIONNAME = "张岳涛";
				TargetAttributes = {
					21651B602215546F00EE8975 = {
						CreatedOnToolsVersion = 8.2.1;
						ProvisioningStyle = Automatic;
					};
				};
			};
			buildConfigurationList = 21651B5C2215546F00EE8975 /* Build configuration list for PBXProject "webView" */;
			compatibilityVersion = "Xcode 3.2";
			developmentRegion = English;
			hasScannedForEncodings = 0;
			knownRegions = (
				en,
				Base,
			);
			mainGroup = 21651B582215546F00EE8975;
			productRefGroup = 21651B622215546F00EE8975 /* Products */;
			projectDirPath = "";
			projectRoot = "";
			targets = (
				21651B602215546F00EE8975 /* webView */,
			);
		};
/* End PBXProject section */

/* Begin PBXResourcesBuildPhase section */
		21651B5F2215546F00EE8975 /* Resources */ = {
			isa = PBXResourcesBuildPhase;
			buildActionMask = 2147483647;
			files = (
				21651B742215546F00EE8975 /* LaunchScreen.storyboard in Resources */,
				21651B712215546F00EE8975 /* Assets.xcassets in Resources */,
				21651B6F2215546F00EE8975 /* Main.storyboard in Resources */,
			);
			runOnlyForDeploymentPostprocessing = 0;
		};
/* End PBXResourcesBuildPhase section */

/* Begin PBXSourcesBuildPhase section */
		21651B5D2215546F00EE8975 /* Sources */ = {
			isa = PBXSourcesBuildPhase;
			buildActionMask = 2147483647;
			files = (
				21651B6C2215546F00EE8975 /* ViewController.m in Sources */,
				21651B692215546F00EE8975 /* AppDelegate.m in Sources */,
				21651B662215546F00EE8975 /* main.m in Sources */,
			);
			runOnlyForDeploymentPostprocessing = 0;
		};
/* End PBXSourcesBuildPhase section */

/* Begin PBXVariantGroup section */
		21651B6D2215546F00EE8975 /* Main.storyboard */ = {
			isa = PBXVariantGroup;
			children = (
				21651B6E2215546F00EE8975 /* Base */,
			);
			name = Main.storyboard;
			sourceTree = "<group>";
		};
		21651B722215546F00EE8975 /* LaunchScreen.storyboard */ = {
			isa = PBXVariantGroup;
			children = (
				21651B732215546F00EE8975 /* Base */,
			);
			name = LaunchScreen.storyboard;
			sourceTree = "<group>";
		};
/* End PBXVariantGroup section */

/* Begin XCBuildConfiguration section */
		21651B762215546F00EE8975 /* Debug */ = {
			isa = XCBuildConfiguration;
			buildSettings = {
				ALWAYS_SEARCH_USER_PATHS = NO;
				CLANG_ANALYZER_NONNULL = YES;
				CLANG_CXX_LANGUAGE_STANDARD = "gnu++0x";
				CLANG_CXX_LIBRARY = "libc++";
				CLANG_ENABLE_MODULES = YES;
				CLANG_ENABLE_OBJC_ARC = YES;
				CLANG_WARN_BOOL_CONVERSION = YES;
				CLANG_WARN_CONSTANT_CONVERSION = YES;
				CLANG_WARN_DIRECT_OBJC_ISA_USAGE = YES_ERROR;
				CLANG_WARN_DOCUMENTATION_COMMENTS = YES;
				CLANG_WARN_EMPTY_BODY = YES;
				CLANG_WARN_ENUM_CONVERSION = YES;
				CLANG_WARN_INFINITE_RECURSION = YES;
				CLANG_WARN_INT_CONVERSION = YES;
				CLANG_WARN_OBJC_ROOT_CLASS = YES_ERROR;
				CLANG_WARN_SUSPICIOUS_MOVE = YES;
				CLANG_WARN_UNREACHABLE_CODE = YES;
				CLANG_WARN__DUPLICATE_METHOD_MATCH = YES;
				"CODE_SIGN_IDENTITY[sdk=iphoneos*]" = "iPhone Developer";
				COPY_PHASE_STRIP = NO;
				DEBUG_INFORMATION_FORMAT = dwarf;
				ENABLE_STRICT_OBJC_MSGSEND = YES;
				ENABLE_TESTABILITY = YES;
				GCC_C_LANGUAGE_STANDARD = gnu99;
				GCC_DYNAMIC_NO_PIC = NO;
				GCC_NO_COMMON_BLOCKS = YES;
				GCC_OPTIMIZATION_LEVEL = 0;
				GCC_PREPROCESSOR_DEFINITIONS = (
					"DEBUG=1",
					"$(inherited)",
				);
				GCC_WARN_64_TO_32_BIT_CONVERSION = YES;
				GCC_WARN_ABOUT_RETURN_TYPE = YES_ERROR;
				GCC_WARN_UNDECLARED_SELECTOR = YES;
				GCC_WARN_UNINITIALIZED_AUTOS = YES_AGGRESSIVE;
				GCC_WARN_UNUSED_FUNCTION = YES;
				GCC_WARN_UNUSED_VARIABLE = YES;
				IPHONEOS_DEPLOYMENT_TARGET = 10.2;
				MTL_ENABLE_DEBUG_INFO = YES;
				ONLY_ACTIVE_ARCH = YES;
				SDKROOT = iphoneos;
				TARGETED_DEVICE_FAMILY = "1,2";
			};
			name = Debug;
		};
		21651B772215546F00EE8975 /* Release */ = {
			isa = XCBuildConfiguration;
			buildSettings = {
				ALWAYS_SEARCH_USER_PATHS = NO;
				CLANG_ANALYZER_NONNULL = YES;
				CLANG_CXX_LANGUAGE_STANDARD = "gnu++0x";
				CLANG_CXX_LIBRARY = "libc++";
				CLANG_ENABLE_MODULES = YES;
				CLANG_ENABLE_OBJC_ARC = YES;
				CLANG_WARN_BOOL_CONVERSION = YES;
				CLANG_WARN_CONSTANT_CONVERSION = YES;
				CLANG_WARN_DIRECT_OBJC_ISA_USAGE = YES_ERROR;
				CLANG_WARN_DOCUMENTATION_COMMENTS = YES;
				CLANG_WARN_EMPTY_BODY = YES;
				CLANG_WARN_ENUM_CONVERSION = YES;
				CLANG_WARN_INFINITE_RECURSION = YES;
				CLANG_WARN_INT_CONVERSION = YES;
				CLANG_WARN_OBJC_ROOT_CLASS = YES_ERROR;
				CLANG_WARN_SUSPICIOUS_MOVE = YES;
				CLANG_WARN_UNREACHABLE_CODE = YES;
				CLANG_WARN__DUPLICATE_METHOD_MATCH = YES;
				"CODE_SIGN_IDENTITY[sdk=iphoneos*]" = "iPhone Developer";
				COPY_PHASE_STRIP = NO;
				DEBUG_INFORMATION_FORMAT = "dwarf-with-dsym";
				ENABLE_NS_ASSERTIONS = NO;
				ENABLE_STRICT_OBJC_MSGSEND = YES;
				GCC_C_LANGUAGE_STANDARD = gnu99;
				GCC_NO_COMMON_BLOCKS = YES;
				GCC_WARN_64_TO_32_BIT_CONVERSION = YES;
				GCC_WARN_ABOUT_RETURN_TYPE = YES_ERROR;
				GCC_WARN_UNDECLARED_SELECTOR = YES;
				GCC_WARN_UNINITIALIZED_AUTOS = YES_AGGRESSIVE;
				GCC_WARN_UNUSED_FUNCTION = YES;
				GCC_WARN_UNUSED_VARIABLE = YES;
				IPHONEOS_DEPLOYMENT_TARGET = 10.2;
				MTL_ENABLE_DEBUG_INFO = NO;
				SDKROOT = iphoneos;
				TARGETED_DEVICE_FAMILY = "1,2";
				VALIDATE_PRODUCT = YES;
			};
			name = Release;
		};
		21651B792215546F00EE8975 /* Debug */ = {
			isa = XCBuildConfiguration;
			buildSettings = {
				ASSETCATALOG_COMPILER_APPICON_NAME = AppIcon;
				INFOPLIST_FILE = webView/Info.plist;
				LD_RUNPATH_SEARCH_PATHS = "$(inherited) @executable_path/Frameworks";
				PRODUCT_BUNDLE_IDENTIFIER = com.webView;
				PRODUCT_NAME = "$(TARGET_NAME)";
			};
			name = Debug;
		};
		21651B7A2215546F00EE8975 /* Release */ = {
			isa = XCBuildConfiguration;
			buildSettings = {
				ASSETCATALOG_COMPILER_APPICON_NAME = AppIcon;
				INFOPLIST_FILE = webView/Info.plist;
				LD_RUNPATH_SEARCH_PATHS = "$(inherited) @executable_path/Frameworks";
				PRODUCT_BUNDLE_IDENTIFIER = com.webView;
				PRODUCT_NAME = "$(TARGET_NAME)";
			};
			name = Release;
		};
/* End XCBuildConfiguration section */

/* Begin XCConfigurationList section */
		21651B5C2215546F00EE8975 /* Build configuration list for PBXProject "webView" */ = {
			isa = XCConfigurationList;
			buildConfigurations = (
				21651B762215546F00EE8975 /* Debug */,
				21651B772215546F00EE8975 /* Release */,
			);
			defaultConfigurationIsVisible = 0;
			defaultConfigurationName = Release;
		};
		21651B782215546F00EE8975 /* Build configuration list for PBXNativeTarget "webView" */ = {
			isa = XCConfigurationList;
			buildConfigurations = (
				21651B792215546F00EE8975 /* Debug */,
				21651B7A2215546F00EE8975 /* Release */,
			);
			defaultConfigurationIsVisible = 0;
		};
/* End XCConfigurationList section */
	};
	rootObject = 21651B592215546F00EE8975 /* Project object */;
}
